// !$*UTF8*$!
{
	archiveVersion = 1;
	classes = {
	};
	objectVersion = 46;
	objects = {

/* Begin PBXBuildFile section */
		EC1019871DCC283F00215E78 /* AppDelegate.swift in Sources */ = {isa = PBXBuildFile; fileRef = EC1019861DCC283F00215E78 /* AppDelegate.swift */; };
		EC1019891DCC283F00215E78 /* ChatViewController.swift in Sources */ = {isa = PBXBuildFile; fileRef = EC1019881DCC283F00215E78 /* ChatViewController.swift */; };
		EC10198C1DCC283F00215E78 /* Main.storyboard in Resources */ = {isa = PBXBuildFile; fileRef = EC10198A1DCC283F00215E78 /* Main.storyboard */; };
		EC10198E1DCC283F00215E78 /* Assets.xcassets in Resources */ = {isa = PBXBuildFile; fileRef = EC10198D1DCC283F00215E78 /* Assets.xcassets */; };
		EC1019911DCC283F00215E78 /* LaunchScreen.storyboard in Resources */ = {isa = PBXBuildFile; fileRef = EC10198F1DCC283F00215E78 /* LaunchScreen.storyboard */; };
		EC1093361E1E3E7A0016858A /* LoadingIndicatorView.swift in Sources */ = {isa = PBXBuildFile; fileRef = EC1093351E1E3E7A0016858A /* LoadingIndicatorView.swift */; };
		EC10933D1E1ED6450016858A /* ChannelTableViewCell.swift in Sources */ = {isa = PBXBuildFile; fileRef = EC10933C1E1ED6450016858A /* ChannelTableViewCell.swift */; };
		EC10934C1E20AFE20016858A /* FollowingTableViewController.swift in Sources */ = {isa = PBXBuildFile; fileRef = EC10934B1E20AFE20016858A /* FollowingTableViewController.swift */; };
		EC10934E1E20BD1F0016858A /* TwitchAPIManager.swift in Sources */ = {isa = PBXBuildFile; fileRef = EC10934D1E20BD1F0016858A /* TwitchAPIManager.swift */; };
		EC1093521E20C3C00016858A /* SettingsViewController.swift in Sources */ = {isa = PBXBuildFile; fileRef = EC1093511E20C3C00016858A /* SettingsViewController.swift */; };
		EC1093541E20DDBC0016858A /* Locksmith.framework in Frameworks */ = {isa = PBXBuildFile; fileRef = EC1093531E20DDBC0016858A /* Locksmith.framework */; settings = {ATTRIBUTES = (Required, ); }; };
		EC1093571E20E6AE0016858A /* LoginViewController.swift in Sources */ = {isa = PBXBuildFile; fileRef = EC1093561E20E6AE0016858A /* LoginViewController.swift */; };
		EC1093591E21A9FD0016858A /* SearchViewController.swift in Sources */ = {isa = PBXBuildFile; fileRef = EC1093581E21A9FD0016858A /* SearchViewController.swift */; };
		EC10935D1E28BC6D0016858A /* SlideLeftAnimationController.swift in Sources */ = {isa = PBXBuildFile; fileRef = EC10935C1E28BC6D0016858A /* SlideLeftAnimationController.swift */; };
		EC1093621E296B2B0016858A /* SlideRightAnimationController.swift in Sources */ = {isa = PBXBuildFile; fileRef = EC1093611E296B2B0016858A /* SlideRightAnimationController.swift */; };
		EC1093651E2970F40016858A /* SwipeInteractionController.swift in Sources */ = {isa = PBXBuildFile; fileRef = EC1093641E2970F40016858A /* SwipeInteractionController.swift */; };
		EC1093681E29AFCD0016858A /* Trie.swift in Sources */ = {isa = PBXBuildFile; fileRef = EC1093671E29AFCD0016858A /* Trie.swift */; };
		EC10936A1E29AFE00016858A /* TrieNode.swift in Sources */ = {isa = PBXBuildFile; fileRef = EC1093691E29AFE00016858A /* TrieNode.swift */; };
		EC326DDD1DD1AB24006EB9E6 /* StringExtension.swift in Sources */ = {isa = PBXBuildFile; fileRef = EC326DDC1DD1AB24006EB9E6 /* StringExtension.swift */; };
		EC326DDF1DD404B9006EB9E6 /* ytcpsocket.c in Sources */ = {isa = PBXBuildFile; fileRef = EC326DDE1DD404B9006EB9E6 /* ytcpsocket.c */; };
		EC3E49B41DD04417003509DD /* Message.swift in Sources */ = {isa = PBXBuildFile; fileRef = EC3E49B31DD04417003509DD /* Message.swift */; };
		EC4BB45D1E2E1B7F0033AF91 /* DisplayNameColorCache.swift in Sources */ = {isa = PBXBuildFile; fileRef = EC4BB45C1E2E1B7F0033AF91 /* DisplayNameColorCache.swift */; };
		EC89673D1DD900B200754832 /* MessageEmote.swift in Sources */ = {isa = PBXBuildFile; fileRef = EC89673C1DD900B200754832 /* MessageEmote.swift */; };
		EC89673F1DDC180A00754832 /* NSRangeExtension.swift in Sources */ = {isa = PBXBuildFile; fileRef = EC89673E1DDC180A00754832 /* NSRangeExtension.swift */; };
		EC8967431DDC2D8300754832 /* ChannelsTableViewController.swift in Sources */ = {isa = PBXBuildFile; fileRef = EC8967421DDC2D8300754832 /* ChannelsTableViewController.swift */; };
		EC8967451DDC2EC900754832 /* Channel.swift in Sources */ = {isa = PBXBuildFile; fileRef = EC8967441DDC2EC900754832 /* Channel.swift */; };
		EC8B91611DFD10CB0045ECD0 /* TwitchChatClient.swift in Sources */ = {isa = PBXBuildFile; fileRef = EC8B91601DFD10CB0045ECD0 /* TwitchChatClient.swift */; };
		EC8B91631E07A9370045ECD0 /* MessageController.swift in Sources */ = {isa = PBXBuildFile; fileRef = EC8B91621E07A9370045ECD0 /* MessageController.swift */; };
		EC8B91651E19CCCC0045ECD0 /* BadgeController.swift in Sources */ = {isa = PBXBuildFile; fileRef = EC8B91641E19CCCC0045ECD0 /* BadgeController.swift */; };
		EC8B91691E1AEE700045ECD0 /* EmoteController.swift in Sources */ = {isa = PBXBuildFile; fileRef = EC8B91681E1AEE700045ECD0 /* EmoteController.swift */; };
		EC8B916B1E1AF0970045ECD0 /* Emote.swift in Sources */ = {isa = PBXBuildFile; fileRef = EC8B916A1E1AF0970045ECD0 /* Emote.swift */; };
		EC8B916D1E1AF6EC0045ECD0 /* Badge.swift in Sources */ = {isa = PBXBuildFile; fileRef = EC8B916C1E1AF6EC0045ECD0 /* Badge.swift */; };
		EC8B916F1E1B03190045ECD0 /* ImageCache.swift in Sources */ = {isa = PBXBuildFile; fileRef = EC8B916E1E1B03190045ECD0 /* ImageCache.swift */; };
		EC8B91741E1B7BE40045ECD0 /* MessageTableViewCell.swift in Sources */ = {isa = PBXBuildFile; fileRef = EC8B91731E1B7BE40045ECD0 /* MessageTableViewCell.swift */; };
		ECB943671DCE8C1B0002E560 /* ysocket.swift in Sources */ = {isa = PBXBuildFile; fileRef = ECB943621DCE8C1B0002E560 /* ysocket.swift */; };
		ECB943691DCE8C1B0002E560 /* ytcpsocket.swift in Sources */ = {isa = PBXBuildFile; fileRef = ECB943641DCE8C1B0002E560 /* ytcpsocket.swift */; };
		F6E8546B1B759467E4452C8C /* Pods_BTTVCHAT.framework in Frameworks */ = {isa = PBXBuildFile; fileRef = 60C07600C2D923AD0C2C7E33 /* Pods_BTTVCHAT.framework */; };
/* End PBXBuildFile section */

/* Begin PBXFileReference section */
		5083F02A34E2AF456B0D7DF4 /* Pods-BTTVCHAT.debug.xcconfig */ = {isa = PBXFileReference; includeInIndex = 1; lastKnownFileType = text.xcconfig; name = "Pods-BTTVCHAT.debug.xcconfig"; path = "Pods/Target Support Files/Pods-BTTVCHAT/Pods-BTTVCHAT.debug.xcconfig"; sourceTree = "<group>"; };
		60C07600C2D923AD0C2C7E33 /* Pods_BTTVCHAT.framework */ = {isa = PBXFileReference; explicitFileType = wrapper.framework; includeInIndex = 0; path = Pods_BTTVCHAT.framework; sourceTree = BUILT_PRODUCTS_DIR; };
		E6918C15D2C2FB5EF113E2E6 /* Pods-BTTVCHAT.release.xcconfig */ = {isa = PBXFileReference; includeInIndex = 1; lastKnownFileType = text.xcconfig; name = "Pods-BTTVCHAT.release.xcconfig"; path = "Pods/Target Support Files/Pods-BTTVCHAT/Pods-BTTVCHAT.release.xcconfig"; sourceTree = "<group>"; };
		EC1019831DCC283F00215E78 /* BTTVCHAT.app */ = {isa = PBXFileReference; explicitFileType = wrapper.application; includeInIndex = 0; path = BTTVCHAT.app; sourceTree = BUILT_PRODUCTS_DIR; };
		EC1019861DCC283F00215E78 /* AppDelegate.swift */ = {isa = PBXFileReference; lastKnownFileType = sourcecode.swift; path = AppDelegate.swift; sourceTree = "<group>"; };
		EC1019881DCC283F00215E78 /* ChatViewController.swift */ = {isa = PBXFileReference; lastKnownFileType = sourcecode.swift; name = ChatViewController.swift; path = ViewController/ChatViewController.swift; sourceTree = "<group>"; };
		EC10198B1DCC283F00215E78 /* Base */ = {isa = PBXFileReference; lastKnownFileType = file.storyboard; name = Base; path = Base.lproj/Main.storyboard; sourceTree = "<group>"; };
		EC10198D1DCC283F00215E78 /* Assets.xcassets */ = {isa = PBXFileReference; lastKnownFileType = folder.assetcatalog; path = Assets.xcassets; sourceTree = "<group>"; };
		EC1019901DCC283F00215E78 /* Base */ = {isa = PBXFileReference; lastKnownFileType = file.storyboard; name = Base; path = Base.lproj/LaunchScreen.storyboard; sourceTree = "<group>"; };
		EC1019921DCC283F00215E78 /* Info.plist */ = {isa = PBXFileReference; lastKnownFileType = text.plist.xml; path = Info.plist; sourceTree = "<group>"; };
		EC1093351E1E3E7A0016858A /* LoadingIndicatorView.swift */ = {isa = PBXFileReference; fileEncoding = 4; lastKnownFileType = sourcecode.swift; name = LoadingIndicatorView.swift; path = View/LoadingIndicatorView.swift; sourceTree = "<group>"; };
		EC10933C1E1ED6450016858A /* ChannelTableViewCell.swift */ = {isa = PBXFileReference; fileEncoding = 4; lastKnownFileType = sourcecode.swift; name = ChannelTableViewCell.swift; path = View/TableViewCell/ChannelTableViewCell.swift; sourceTree = "<group>"; };
		EC10934B1E20AFE20016858A /* FollowingTableViewController.swift */ = {isa = PBXFileReference; fileEncoding = 4; lastKnownFileType = sourcecode.swift; name = FollowingTableViewController.swift; path = ViewController/FollowingTableViewController.swift; sourceTree = "<group>"; };
		EC10934D1E20BD1F0016858A /* TwitchAPIManager.swift */ = {isa = PBXFileReference; fileEncoding = 4; lastKnownFileType = sourcecode.swift; name = TwitchAPIManager.swift; path = Controller/TwitchAPIManager.swift; sourceTree = "<group>"; };
		EC1093511E20C3C00016858A /* SettingsViewController.swift */ = {isa = PBXFileReference; fileEncoding = 4; lastKnownFileType = sourcecode.swift; name = SettingsViewController.swift; path = ViewController/SettingsViewController.swift; sourceTree = "<group>"; };
		EC1093531E20DDBC0016858A /* Locksmith.framework */ = {isa = PBXFileReference; lastKnownFileType = wrapper.framework; name = Locksmith.framework; path = "../../Library/Developer/Xcode/DerivedData/BTTVCHAT-gptkzsorgihbcmaqagzefvwislyb/Build/Products/Debug-iphonesimulator/Locksmith/Locksmith.framework"; sourceTree = "<group>"; };
		EC1093561E20E6AE0016858A /* LoginViewController.swift */ = {isa = PBXFileReference; fileEncoding = 4; lastKnownFileType = sourcecode.swift; name = LoginViewController.swift; path = ViewController/LoginViewController.swift; sourceTree = "<group>"; };
		EC1093581E21A9FD0016858A /* SearchViewController.swift */ = {isa = PBXFileReference; fileEncoding = 4; lastKnownFileType = sourcecode.swift; name = SearchViewController.swift; path = ViewController/SearchViewController.swift; sourceTree = "<group>"; };
		EC10935C1E28BC6D0016858A /* SlideLeftAnimationController.swift */ = {isa = PBXFileReference; fileEncoding = 4; lastKnownFileType = sourcecode.swift; name = SlideLeftAnimationController.swift; path = AnimationController/SlideLeftAnimationController.swift; sourceTree = "<group>"; };
		EC1093611E296B2B0016858A /* SlideRightAnimationController.swift */ = {isa = PBXFileReference; fileEncoding = 4; lastKnownFileType = sourcecode.swift; name = SlideRightAnimationController.swift; path = AnimationController/SlideRightAnimationController.swift; sourceTree = "<group>"; };
		EC1093641E2970F40016858A /* SwipeInteractionController.swift */ = {isa = PBXFileReference; fileEncoding = 4; lastKnownFileType = sourcecode.swift; name = SwipeInteractionController.swift; path = InteractionController/SwipeInteractionController.swift; sourceTree = "<group>"; };
		EC1093671E29AFCD0016858A /* Trie.swift */ = {isa = PBXFileReference; fileEncoding = 4; lastKnownFileType = sourcecode.swift; name = Trie.swift; path = Trie/Trie.swift; sourceTree = "<group>"; };
		EC1093691E29AFE00016858A /* TrieNode.swift */ = {isa = PBXFileReference; fileEncoding = 4; lastKnownFileType = sourcecode.swift; name = TrieNode.swift; path = Trie/TrieNode.swift; sourceTree = "<group>"; };
		EC326DDC1DD1AB24006EB9E6 /* StringExtension.swift */ = {isa = PBXFileReference; fileEncoding = 4; lastKnownFileType = sourcecode.swift; name = StringExtension.swift; path = Extension/StringExtension.swift; sourceTree = "<group>"; };
		EC326DDE1DD404B9006EB9E6 /* ytcpsocket.c */ = {isa = PBXFileReference; fileEncoding = 4; lastKnownFileType = sourcecode.c.c; name = ytcpsocket.c; path = Socket/ytcpsocket.c; sourceTree = "<group>"; };
		EC3E49B31DD04417003509DD /* Message.swift */ = {isa = PBXFileReference; fileEncoding = 4; lastKnownFileType = sourcecode.swift; name = Message.swift; path = Object/Message.swift; sourceTree = "<group>"; };
		EC4BB45C1E2E1B7F0033AF91 /* DisplayNameColorCache.swift */ = {isa = PBXFileReference; fileEncoding = 4; lastKnownFileType = sourcecode.swift; name = DisplayNameColorCache.swift; path = Cache/DisplayNameColorCache.swift; sourceTree = "<group>"; };
		EC89673C1DD900B200754832 /* MessageEmote.swift */ = {isa = PBXFileReference; fileEncoding = 4; lastKnownFileType = sourcecode.swift; name = MessageEmote.swift; path = Object/MessageEmote.swift; sourceTree = "<group>"; };
		EC89673E1DDC180A00754832 /* NSRangeExtension.swift */ = {isa = PBXFileReference; fileEncoding = 4; lastKnownFileType = sourcecode.swift; name = NSRangeExtension.swift; path = Extension/NSRangeExtension.swift; sourceTree = "<group>"; };
		EC8967421DDC2D8300754832 /* ChannelsTableViewController.swift */ = {isa = PBXFileReference; fileEncoding = 4; lastKnownFileType = sourcecode.swift; name = ChannelsTableViewController.swift; path = ViewController/ChannelsTableViewController.swift; sourceTree = "<group>"; };
		EC8967441DDC2EC900754832 /* Channel.swift */ = {isa = PBXFileReference; fileEncoding = 4; lastKnownFileType = sourcecode.swift; name = Channel.swift; path = Object/Channel.swift; sourceTree = "<group>"; };
		EC8B91601DFD10CB0045ECD0 /* TwitchChatClient.swift */ = {isa = PBXFileReference; fileEncoding = 4; lastKnownFileType = sourcecode.swift; name = TwitchChatClient.swift; path = Client/TwitchChatClient.swift; sourceTree = "<group>"; };
		EC8B91621E07A9370045ECD0 /* MessageController.swift */ = {isa = PBXFileReference; fileEncoding = 4; lastKnownFileType = sourcecode.swift; name = MessageController.swift; path = Controller/MessageController.swift; sourceTree = "<group>"; };
		EC8B91641E19CCCC0045ECD0 /* BadgeController.swift */ = {isa = PBXFileReference; fileEncoding = 4; lastKnownFileType = sourcecode.swift; name = BadgeController.swift; path = Controller/BadgeController.swift; sourceTree = "<group>"; };
		EC8B91681E1AEE700045ECD0 /* EmoteController.swift */ = {isa = PBXFileReference; fileEncoding = 4; lastKnownFileType = sourcecode.swift; name = EmoteController.swift; path = Controller/EmoteController.swift; sourceTree = "<group>"; };
		EC8B916A1E1AF0970045ECD0 /* Emote.swift */ = {isa = PBXFileReference; fileEncoding = 4; lastKnownFileType = sourcecode.swift; name = Emote.swift; path = Object/Emote.swift; sourceTree = "<group>"; };
		EC8B916C1E1AF6EC0045ECD0 /* Badge.swift */ = {isa = PBXFileReference; fileEncoding = 4; lastKnownFileType = sourcecode.swift; name = Badge.swift; path = Object/Badge.swift; sourceTree = "<group>"; };
		EC8B916E1E1B03190045ECD0 /* ImageCache.swift */ = {isa = PBXFileReference; fileEncoding = 4; lastKnownFileType = sourcecode.swift; name = ImageCache.swift; path = Cache/ImageCache.swift; sourceTree = "<group>"; };
		EC8B91731E1B7BE40045ECD0 /* MessageTableViewCell.swift */ = {isa = PBXFileReference; fileEncoding = 4; lastKnownFileType = sourcecode.swift; name = MessageTableViewCell.swift; path = View/TableViewCell/MessageTableViewCell.swift; sourceTree = "<group>"; };
		ECB943621DCE8C1B0002E560 /* ysocket.swift */ = {isa = PBXFileReference; fileEncoding = 4; lastKnownFileType = sourcecode.swift; name = ysocket.swift; path = Socket/ysocket.swift; sourceTree = "<group>"; };
		ECB943641DCE8C1B0002E560 /* ytcpsocket.swift */ = {isa = PBXFileReference; fileEncoding = 4; lastKnownFileType = sourcecode.swift; name = ytcpsocket.swift; path = Socket/ytcpsocket.swift; sourceTree = "<group>"; };
/* End PBXFileReference section */

/* Begin PBXFrameworksBuildPhase section */
		EC1019801DCC283F00215E78 /* Frameworks */ = {
			isa = PBXFrameworksBuildPhase;
			buildActionMask = 2147483647;
			files = (
				EC1093541E20DDBC0016858A /* Locksmith.framework in Frameworks */,
				F6E8546B1B759467E4452C8C /* Pods_BTTVCHAT.framework in Frameworks */,
			);
			runOnlyForDeploymentPostprocessing = 0;
		};
/* End PBXFrameworksBuildPhase section */

/* Begin PBXGroup section */
		5B74F99A62367A015731ED8C /* Pods */ = {
			isa = PBXGroup;
			children = (
				5083F02A34E2AF456B0D7DF4 /* Pods-BTTVCHAT.debug.xcconfig */,
				E6918C15D2C2FB5EF113E2E6 /* Pods-BTTVCHAT.release.xcconfig */,
			);
			name = Pods;
			sourceTree = "<group>";
		};
		700D759D827673C1CC575175 /* Frameworks */ = {
			isa = PBXGroup;
			children = (
				EC1093531E20DDBC0016858A /* Locksmith.framework */,
				60C07600C2D923AD0C2C7E33 /* Pods_BTTVCHAT.framework */,
			);
			name = Frameworks;
			sourceTree = "<group>";
		};
		EC10197A1DCC283F00215E78 = {
			isa = PBXGroup;
			children = (
				EC1019851DCC283F00215E78 /* BTTVCHAT */,
				EC1019841DCC283F00215E78 /* Products */,
				5B74F99A62367A015731ED8C /* Pods */,
				700D759D827673C1CC575175 /* Frameworks */,
			);
			sourceTree = "<group>";
		};
		EC1019841DCC283F00215E78 /* Products */ = {
			isa = PBXGroup;
			children = (
				EC1019831DCC283F00215E78 /* BTTVCHAT.app */,
			);
			name = Products;
			sourceTree = "<group>";
		};
		EC1019851DCC283F00215E78 /* BTTVCHAT */ = {
			isa = PBXGroup;
			children = (
				EC1093661E29AF8C0016858A /* Trie */,
				EC8B91751E1B7EC40045ECD0 /* AppDelegate */,
				EC8B91721E1B64CB0045ECD0 /* Client */,
				EC8B91711E1B64C70045ECD0 /* Cache */,
				EC8B91701E1B64B30045ECD0 /* Controller */,
				EC8B915F1DFD108F0045ECD0 /* Object */,
				EC8B915E1DFD107D0045ECD0 /* ViewController */,
				EC10933E1E1ED6590016858A /* View */,
				EC1093631E2970AF0016858A /* InteractionController */,
				EC1093601E296B0C0016858A /* AnimationController */,
				EC8B915D1DFD10630045ECD0 /* Extension */,
				ECB9436C1DCF68920002E560 /* SwiftSocket */,
				EC10198A1DCC283F00215E78 /* Main.storyboard */,
				EC10198D1DCC283F00215E78 /* Assets.xcassets */,
				EC10198F1DCC283F00215E78 /* LaunchScreen.storyboard */,
				EC1019921DCC283F00215E78 /* Info.plist */,
			);
			path = BTTVCHAT;
			sourceTree = "<group>";
		};
		EC10933E1E1ED6590016858A /* View */ = {
			isa = PBXGroup;
			children = (
				EC4BB45B1E2DFBE20033AF91 /* TableViewCell */,
				EC1093351E1E3E7A0016858A /* LoadingIndicatorView.swift */,
			);
			name = View;
			sourceTree = "<group>";
		};
		EC1093601E296B0C0016858A /* AnimationController */ = {
			isa = PBXGroup;
			children = (
				EC10935C1E28BC6D0016858A /* SlideLeftAnimationController.swift */,
				EC1093611E296B2B0016858A /* SlideRightAnimationController.swift */,
			);
			name = AnimationController;
			sourceTree = "<group>";
		};
		EC1093631E2970AF0016858A /* InteractionController */ = {
			isa = PBXGroup;
			children = (
				EC1093641E2970F40016858A /* SwipeInteractionController.swift */,
			);
			name = InteractionController;
			sourceTree = "<group>";
		};
		EC1093661E29AF8C0016858A /* Trie */ = {
			isa = PBXGroup;
			children = (
				EC1093671E29AFCD0016858A /* Trie.swift */,
				EC1093691E29AFE00016858A /* TrieNode.swift */,
			);
			name = Trie;
			sourceTree = "<group>";
		};
		EC4BB45B1E2DFBE20033AF91 /* TableViewCell */ = {
			isa = PBXGroup;
			children = (
				EC8B91731E1B7BE40045ECD0 /* MessageTableViewCell.swift */,
				EC10933C1E1ED6450016858A /* ChannelTableViewCell.swift */,
			);
			name = TableViewCell;
			sourceTree = "<group>";
		};
		EC8B915D1DFD10630045ECD0 /* Extension */ = {
			isa = PBXGroup;
			children = (
				EC89673E1DDC180A00754832 /* NSRangeExtension.swift */,
				EC326DDC1DD1AB24006EB9E6 /* StringExtension.swift */,
			);
			name = Extension;
			sourceTree = "<group>";
		};
		EC8B915E1DFD107D0045ECD0 /* ViewController */ = {
			isa = PBXGroup;
			children = (
				EC1019881DCC283F00215E78 /* ChatViewController.swift */,
				EC1093561E20E6AE0016858A /* LoginViewController.swift */,
				EC8967421DDC2D8300754832 /* ChannelsTableViewController.swift */,
				EC10934B1E20AFE20016858A /* FollowingTableViewController.swift */,
				EC1093511E20C3C00016858A /* SettingsViewController.swift */,
				EC1093581E21A9FD0016858A /* SearchViewController.swift */,
			);
			name = ViewController;
			sourceTree = "<group>";
		};
		EC8B915F1DFD108F0045ECD0 /* Object */ = {
			isa = PBXGroup;
			children = (
				EC89673C1DD900B200754832 /* MessageEmote.swift */,
				EC8B916A1E1AF0970045ECD0 /* Emote.swift */,
				EC8B916C1E1AF6EC0045ECD0 /* Badge.swift */,
				EC3E49B31DD04417003509DD /* Message.swift */,
				EC8967441DDC2EC900754832 /* Channel.swift */,
			);
			name = Object;
			sourceTree = "<group>";
		};
		EC8B91701E1B64B30045ECD0 /* Controller */ = {
			isa = PBXGroup;
			children = (
				EC8B91621E07A9370045ECD0 /* MessageController.swift */,
				EC8B91681E1AEE700045ECD0 /* EmoteController.swift */,
				EC8B91641E19CCCC0045ECD0 /* BadgeController.swift */,
				EC10934D1E20BD1F0016858A /* TwitchAPIManager.swift */,
			);
			name = Controller;
			sourceTree = "<group>";
		};
		EC8B91711E1B64C70045ECD0 /* Cache */ = {
			isa = PBXGroup;
			children = (
				EC4BB45C1E2E1B7F0033AF91 /* DisplayNameColorCache.swift */,
				EC8B916E1E1B03190045ECD0 /* ImageCache.swift */,
			);
			name = Cache;
			sourceTree = "<group>";
		};
		EC8B91721E1B64CB0045ECD0 /* Client */ = {
			isa = PBXGroup;
			children = (
				EC8B91601DFD10CB0045ECD0 /* TwitchChatClient.swift */,
			);
			name = Client;
			sourceTree = "<group>";
		};
		EC8B91751E1B7EC40045ECD0 /* AppDelegate */ = {
			isa = PBXGroup;
			children = (
				EC1019861DCC283F00215E78 /* AppDelegate.swift */,
			);
			name = AppDelegate;
			sourceTree = "<group>";
		};
		ECB9436C1DCF68920002E560 /* SwiftSocket */ = {
			isa = PBXGroup;
			children = (
				ECB943621DCE8C1B0002E560 /* ysocket.swift */,
				EC326DDE1DD404B9006EB9E6 /* ytcpsocket.c */,
				ECB943641DCE8C1B0002E560 /* ytcpsocket.swift */,
			);
			name = SwiftSocket;
			sourceTree = "<group>";
		};
/* End PBXGroup section */

/* Begin PBXNativeTarget section */
		EC1019821DCC283F00215E78 /* BTTVCHAT */ = {
			isa = PBXNativeTarget;
			buildConfigurationList = EC1019951DCC283F00215E78 /* Build configuration list for PBXNativeTarget "BTTVCHAT" */;
			buildPhases = (
				45F3BF5FEE700A51483BCE76 /* [CP] Check Pods Manifest.lock */,
				EC10197F1DCC283F00215E78 /* Sources */,
				EC1019801DCC283F00215E78 /* Frameworks */,
				EC1019811DCC283F00215E78 /* Resources */,
				1DFA7C5951D13AE364CB8FC5 /* [CP] Embed Pods Frameworks */,
				F41343D5F3972D7A96A04EFE /* [CP] Copy Pods Resources */,
			);
			buildRules = (
			);
			dependencies = (
			);
			name = BTTVCHAT;
			productName = BTTVCHAT;
			productReference = EC1019831DCC283F00215E78 /* BTTVCHAT.app */;
			productType = "com.apple.product-type.application";
		};
/* End PBXNativeTarget section */

/* Begin PBXProject section */
		EC10197B1DCC283F00215E78 /* Project object */ = {
			isa = PBXProject;
			attributes = {
				LastSwiftUpdateCheck = 0800;
				LastUpgradeCheck = 0820;
				ORGANIZATIONNAME = "Ka Lum";
				TargetAttributes = {
					EC1019821DCC283F00215E78 = {
						CreatedOnToolsVersion = 8.0;
						DevelopmentTeam = TZ7S8W8D85;
						LastSwiftMigration = 0800;
						ProvisioningStyle = Automatic;
						SystemCapabilities = {
							com.apple.Keychain = {
								enabled = 0;
							};
						};
					};
				};
			};
			buildConfigurationList = EC10197E1DCC283F00215E78 /* Build configuration list for PBXProject "BTTVCHAT" */;
			compatibilityVersion = "Xcode 3.2";
			developmentRegion = English;
			hasScannedForEncodings = 0;
			knownRegions = (
				en,
				Base,
			);
			mainGroup = EC10197A1DCC283F00215E78;
			productRefGroup = EC1019841DCC283F00215E78 /* Products */;
			projectDirPath = "";
			projectRoot = "";
			targets = (
				EC1019821DCC283F00215E78 /* BTTVCHAT */,
			);
		};
/* End PBXProject section */

/* Begin PBXResourcesBuildPhase section */
		EC1019811DCC283F00215E78 /* Resources */ = {
			isa = PBXResourcesBuildPhase;
			buildActionMask = 2147483647;
			files = (
				EC1019911DCC283F00215E78 /* LaunchScreen.storyboard in Resources */,
				EC10198E1DCC283F00215E78 /* Assets.xcassets in Resources */,
				EC10198C1DCC283F00215E78 /* Main.storyboard in Resources */,
			);
			runOnlyForDeploymentPostprocessing = 0;
		};
/* End PBXResourcesBuildPhase section */

/* Begin PBXShellScriptBuildPhase section */
		1DFA7C5951D13AE364CB8FC5 /* [CP] Embed Pods Frameworks */ = {
			isa = PBXShellScriptBuildPhase;
			buildActionMask = 2147483647;
			files = (
			);
			inputPaths = (
			);
			name = "[CP] Embed Pods Frameworks";
			outputPaths = (
			);
			runOnlyForDeploymentPostprocessing = 0;
			shellPath = /bin/sh;
			shellScript = "\"${SRCROOT}/Pods/Target Support Files/Pods-BTTVCHAT/Pods-BTTVCHAT-frameworks.sh\"\n";
			showEnvVarsInLog = 0;
		};
		45F3BF5FEE700A51483BCE76 /* [CP] Check Pods Manifest.lock */ = {
			isa = PBXShellScriptBuildPhase;
			buildActionMask = 2147483647;
			files = (
			);
			inputPaths = (
			);
			name = "[CP] Check Pods Manifest.lock";
			outputPaths = (
			);
			runOnlyForDeploymentPostprocessing = 0;
			shellPath = /bin/sh;
			shellScript = "diff \"${PODS_ROOT}/../Podfile.lock\" \"${PODS_ROOT}/Manifest.lock\" > /dev/null\nif [ $? != 0 ] ; then\n    # print error to STDERR\n    echo \"error: The sandbox is not in sync with the Podfile.lock. Run 'pod install' or update your CocoaPods installation.\" >&2\n    exit 1\nfi\n";
			showEnvVarsInLog = 0;
		};
		F41343D5F3972D7A96A04EFE /* [CP] Copy Pods Resources */ = {
			isa = PBXShellScriptBuildPhase;
			buildActionMask = 2147483647;
			files = (
			);
			inputPaths = (
			);
			name = "[CP] Copy Pods Resources";
			outputPaths = (
			);
			runOnlyForDeploymentPostprocessing = 0;
			shellPath = /bin/sh;
			shellScript = "\"${SRCROOT}/Pods/Target Support Files/Pods-BTTVCHAT/Pods-BTTVCHAT-resources.sh\"\n";
			showEnvVarsInLog = 0;
		};
/* End PBXShellScriptBuildPhase section */

/* Begin PBXSourcesBuildPhase section */
		EC10197F1DCC283F00215E78 /* Sources */ = {
			isa = PBXSourcesBuildPhase;
			buildActionMask = 2147483647;
			files = (
				EC4BB45D1E2E1B7F0033AF91 /* DisplayNameColorCache.swift in Sources */,
				EC8967451DDC2EC900754832 /* Channel.swift in Sources */,
				EC10936A1E29AFE00016858A /* TrieNode.swift in Sources */,
				EC8B916D1E1AF6EC0045ECD0 /* Badge.swift in Sources */,
				ECB943671DCE8C1B0002E560 /* ysocket.swift in Sources */,
				EC8B91691E1AEE700045ECD0 /* EmoteController.swift in Sources */,
				EC8B91741E1B7BE40045ECD0 /* MessageTableViewCell.swift in Sources */,
				EC326DDD1DD1AB24006EB9E6 /* StringExtension.swift in Sources */,
				EC8B916B1E1AF0970045ECD0 /* Emote.swift in Sources */,
				EC1019891DCC283F00215E78 /* ChatViewController.swift in Sources */,
				EC10934C1E20AFE20016858A /* FollowingTableViewController.swift in Sources */,
				EC8967431DDC2D8300754832 /* ChannelsTableViewController.swift in Sources */,
				EC3E49B41DD04417003509DD /* Message.swift in Sources */,
				EC1093651E2970F40016858A /* SwipeInteractionController.swift in Sources */,
				EC10934E1E20BD1F0016858A /* TwitchAPIManager.swift in Sources */,
				EC1019871DCC283F00215E78 /* AppDelegate.swift in Sources */,
				ECB943691DCE8C1B0002E560 /* ytcpsocket.swift in Sources */,
				EC1093571E20E6AE0016858A /* LoginViewController.swift in Sources */,
				EC10933D1E1ED6450016858A /* ChannelTableViewCell.swift in Sources */,
				EC326DDF1DD404B9006EB9E6 /* ytcpsocket.c in Sources */,
				EC1093621E296B2B0016858A /* SlideRightAnimationController.swift in Sources */,
				EC8B916F1E1B03190045ECD0 /* ImageCache.swift in Sources */,
				EC89673D1DD900B200754832 /* MessageEmote.swift in Sources */,
				EC89673F1DDC180A00754832 /* NSRangeExtension.swift in Sources */,
				EC8B91631E07A9370045ECD0 /* MessageController.swift in Sources */,
				EC1093681E29AFCD0016858A /* Trie.swift in Sources */,
				EC1093361E1E3E7A0016858A /* LoadingIndicatorView.swift in Sources */,
				EC8B91611DFD10CB0045ECD0 /* TwitchChatClient.swift in Sources */,
				EC10935D1E28BC6D0016858A /* SlideLeftAnimationController.swift in Sources */,
				EC8B91651E19CCCC0045ECD0 /* BadgeController.swift in Sources */,
				EC1093521E20C3C00016858A /* SettingsViewController.swift in Sources */,
				EC1093591E21A9FD0016858A /* SearchViewController.swift in Sources */,
			);
			runOnlyForDeploymentPostprocessing = 0;
		};
/* End PBXSourcesBuildPhase section */

/* Begin PBXVariantGroup section */
		EC10198A1DCC283F00215E78 /* Main.storyboard */ = {
			isa = PBXVariantGroup;
			children = (
				EC10198B1DCC283F00215E78 /* Base */,
			);
			name = Main.storyboard;
			sourceTree = "<group>";
		};
		EC10198F1DCC283F00215E78 /* LaunchScreen.storyboard */ = {
			isa = PBXVariantGroup;
			children = (
				EC1019901DCC283F00215E78 /* Base */,
			);
			name = LaunchScreen.storyboard;
			sourceTree = "<group>";
		};
/* End PBXVariantGroup section */

/* Begin XCBuildConfiguration section */
		EC1019931DCC283F00215E78 /* Debug */ = {
			isa = XCBuildConfiguration;
			buildSettings = {
				ALWAYS_SEARCH_USER_PATHS = NO;
				CLANG_ANALYZER_NONNULL = YES;
				CLANG_CXX_LANGUAGE_STANDARD = "gnu++0x";
				CLANG_CXX_LIBRARY = "libc++";
				CLANG_ENABLE_MODULES = YES;
				CLANG_ENABLE_OBJC_ARC = YES;
				CLANG_WARN_BOOL_CONVERSION = YES;
				CLANG_WARN_CONSTANT_CONVERSION = YES;
				CLANG_WARN_DIRECT_OBJC_ISA_USAGE = YES_ERROR;
				CLANG_WARN_DOCUMENTATION_COMMENTS = YES;
				CLANG_WARN_EMPTY_BODY = YES;
				CLANG_WARN_ENUM_CONVERSION = YES;
				CLANG_WARN_INFINITE_RECURSION = YES;
				CLANG_WARN_INT_CONVERSION = YES;
				CLANG_WARN_OBJC_ROOT_CLASS = YES_ERROR;
				CLANG_WARN_SUSPICIOUS_MOVE = YES;
				CLANG_WARN_SUSPICIOUS_MOVES = YES;
				CLANG_WARN_UNREACHABLE_CODE = YES;
				CLANG_WARN__DUPLICATE_METHOD_MATCH = YES;
				CODE_SIGN_IDENTITY = "iPhone Developer";
				"CODE_SIGN_IDENTITY[sdk=iphoneos*]" = "iPhone Developer";
				COPY_PHASE_STRIP = NO;
				DEBUG_INFORMATION_FORMAT = dwarf;
				ENABLE_STRICT_OBJC_MSGSEND = YES;
				ENABLE_TESTABILITY = YES;
				GCC_C_LANGUAGE_STANDARD = gnu99;
				GCC_DYNAMIC_NO_PIC = NO;
				GCC_NO_COMMON_BLOCKS = YES;
				GCC_OPTIMIZATION_LEVEL = 0;
				GCC_PREPROCESSOR_DEFINITIONS = (
					"DEBUG=1",
					"$(inherited)",
				);
				GCC_WARN_64_TO_32_BIT_CONVERSION = YES;
				GCC_WARN_ABOUT_RETURN_TYPE = YES_ERROR;
				GCC_WARN_UNDECLARED_SELECTOR = YES;
				GCC_WARN_UNINITIALIZED_AUTOS = YES_AGGRESSIVE;
				GCC_WARN_UNUSED_FUNCTION = YES;
				GCC_WARN_UNUSED_VARIABLE = YES;
				IPHONEOS_DEPLOYMENT_TARGET = 10.0;
				MTL_ENABLE_DEBUG_INFO = YES;
				ONLY_ACTIVE_ARCH = YES;
				SDKROOT = iphoneos;
				SWIFT_ACTIVE_COMPILATION_CONDITIONS = DEBUG;
				SWIFT_OPTIMIZATION_LEVEL = "-Onone";
			};
			name = Debug;
		};
		EC1019941DCC283F00215E78 /* Release */ = {
			isa = XCBuildConfiguration;
			buildSettings = {
				ALWAYS_SEARCH_USER_PATHS = NO;
				CLANG_ANALYZER_NONNULL = YES;
				CLANG_CXX_LANGUAGE_STANDARD = "gnu++0x";
				CLANG_CXX_LIBRARY = "libc++";
				CLANG_ENABLE_MODULES = YES;
				CLANG_ENABLE_OBJC_ARC = YES;
				CLANG_WARN_BOOL_CONVERSION = YES;
				CLANG_WARN_CONSTANT_CONVERSION = YES;
				CLANG_WARN_DIRECT_OBJC_ISA_USAGE = YES_ERROR;
				CLANG_WARN_DOCUMENTATION_COMMENTS = YES;
				CLANG_WARN_EMPTY_BODY = YES;
				CLANG_WARN_ENUM_CONVERSION = YES;
				CLANG_WARN_INFINITE_RECURSION = YES;
				CLANG_WARN_INT_CONVERSION = YES;
				CLANG_WARN_OBJC_ROOT_CLASS = YES_ERROR;
				CLANG_WARN_SUSPICIOUS_MOVE = YES;
				CLANG_WARN_SUSPICIOUS_MOVES = YES;
				CLANG_WARN_UNREACHABLE_CODE = YES;
				CLANG_WARN__DUPLICATE_METHOD_MATCH = YES;
				CODE_SIGN_IDENTITY = "iPhone Developer";
				"CODE_SIGN_IDENTITY[sdk=iphoneos*]" = "iPhone Developer";
				COPY_PHASE_STRIP = NO;
				DEBUG_INFORMATION_FORMAT = "dwarf-with-dsym";
				ENABLE_NS_ASSERTIONS = NO;
				ENABLE_STRICT_OBJC_MSGSEND = YES;
				GCC_C_LANGUAGE_STANDARD = gnu99;
				GCC_NO_COMMON_BLOCKS = YES;
				GCC_WARN_64_TO_32_BIT_CONVERSION = YES;
				GCC_WARN_ABOUT_RETURN_TYPE = YES_ERROR;
				GCC_WARN_UNDECLARED_SELECTOR = YES;
				GCC_WARN_UNINITIALIZED_AUTOS = YES_AGGRESSIVE;
				GCC_WARN_UNUSED_FUNCTION = YES;
				GCC_WARN_UNUSED_VARIABLE = YES;
				IPHONEOS_DEPLOYMENT_TARGET = 10.0;
				MTL_ENABLE_DEBUG_INFO = NO;
				SDKROOT = iphoneos;
				SWIFT_OPTIMIZATION_LEVEL = "-Owholemodule";
				VALIDATE_PRODUCT = YES;
			};
			name = Release;
		};
		EC1019961DCC283F00215E78 /* Debug */ = {
			isa = XCBuildConfiguration;
			baseConfigurationReference = 5083F02A34E2AF456B0D7DF4 /* Pods-BTTVCHAT.debug.xcconfig */;
			buildSettings = {
				ALWAYS_EMBED_SWIFT_STANDARD_LIBRARIES = YES;
				ASSETCATALOG_COMPILER_APPICON_NAME = AppIcon;
				CLANG_ENABLE_MODULES = YES;
				DEVELOPMENT_TEAM = TZ7S8W8D85;
				INFOPLIST_FILE = BTTVCHAT/Info.plist;
				LD_RUNPATH_SEARCH_PATHS = "$(inherited) @executable_path/Frameworks";
				PRODUCT_BUNDLE_IDENTIFIER = KALUM.BTTVCHAT;
				PRODUCT_NAME = "$(TARGET_NAME)";
				SWIFT_OPTIMIZATION_LEVEL = "-Onone";
				SWIFT_VERSION = 3.0;
			};
			name = Debug;
		};
		EC1019971DCC283F00215E78 /* Release */ = {
			isa = XCBuildConfiguration;
			baseConfigurationReference = E6918C15D2C2FB5EF113E2E6 /* Pods-BTTVCHAT.release.xcconfig */;
			buildSettings = {
				ALWAYS_EMBED_SWIFT_STANDARD_LIBRARIES = YES;
				ASSETCATALOG_COMPILER_APPICON_NAME = AppIcon;
				CLANG_ENABLE_MODULES = YES;
				DEVELOPMENT_TEAM = TZ7S8W8D85;
				INFOPLIST_FILE = BTTVCHAT/Info.plist;
				LD_RUNPATH_SEARCH_PATHS = "$(inherited) @executable_path/Frameworks";
				PRODUCT_BUNDLE_IDENTIFIER = KALUM.BTTVCHAT;
				PRODUCT_NAME = "$(TARGET_NAME)";
				SWIFT_VERSION = 3.0;
			};
			name = Release;
		};
/* End XCBuildConfiguration section */

/* Begin XCConfigurationList section */
		EC10197E1DCC283F00215E78 /* Build configuration list for PBXProject "BTTVCHAT" */ = {
			isa = XCConfigurationList;
			buildConfigurations = (
				EC1019931DCC283F00215E78 /* Debug */,
				EC1019941DCC283F00215E78 /* Release */,
			);
			defaultConfigurationIsVisible = 0;
			defaultConfigurationName = Release;
		};
		EC1019951DCC283F00215E78 /* Build configuration list for PBXNativeTarget "BTTVCHAT" */ = {
			isa = XCConfigurationList;
			buildConfigurations = (
				EC1019961DCC283F00215E78 /* Debug */,
				EC1019971DCC283F00215E78 /* Release */,
			);
			defaultConfigurationIsVisible = 0;
			defaultConfigurationName = Release;
		};
/* End XCConfigurationList section */
	};
	rootObject = EC10197B1DCC283F00215E78 /* Project object */;
}
